// !$*UTF8*$!
{
	archiveVersion = 1;
	classes = {
	};
	objectVersion = 46;
	objects = {

/* Begin PBXBuildFile section */
		4E22B1721D901E0E0074D533 /* HomeTableviewCell.swift in Sources */ = {isa = PBXBuildFile; fileRef = 4E22B1711D901E0E0074D533 /* HomeTableviewCell.swift */; };
		4E34AC8A1D8D905A0084B1DD /* AppDelegate.swift in Sources */ = {isa = PBXBuildFile; fileRef = 4E34AC891D8D905A0084B1DD /* AppDelegate.swift */; };
		4E34AC8C1D8D905A0084B1DD /* MasterViewController.swift in Sources */ = {isa = PBXBuildFile; fileRef = 4E34AC8B1D8D905A0084B1DD /* MasterViewController.swift */; };
		4E34AC8E1D8D905A0084B1DD /* CharacterViewController.swift in Sources */ = {isa = PBXBuildFile; fileRef = 4E34AC8D1D8D905A0084B1DD /* CharacterViewController.swift */; };
		4E34AC911D8D905A0084B1DD /* Main.storyboard in Resources */ = {isa = PBXBuildFile; fileRef = 4E34AC8F1D8D905A0084B1DD /* Main.storyboard */; };
		4E34AC931D8D905A0084B1DD /* Assets.xcassets in Resources */ = {isa = PBXBuildFile; fileRef = 4E34AC921D8D905A0084B1DD /* Assets.xcassets */; };
		4E34AC961D8D905A0084B1DD /* LaunchScreen.storyboard in Resources */ = {isa = PBXBuildFile; fileRef = 4E34AC941D8D905A0084B1DD /* LaunchScreen.storyboard */; };
		4E4335CD1D92B83900B3F48C /* PersonModel.swift in Sources */ = {isa = PBXBuildFile; fileRef = 4E4335CC1D92B83900B3F48C /* PersonModel.swift */; };
		4E4335CF1D92CB9200B3F48C /* VehicleModel.swift in Sources */ = {isa = PBXBuildFile; fileRef = 4E4335CE1D92CB9200B3F48C /* VehicleModel.swift */; };
		4E4ACCE31D96CA9400D0F1BB /* StarshipTableViewCell.swift in Sources */ = {isa = PBXBuildFile; fileRef = 4E4ACCE21D96CA9400D0F1BB /* StarshipTableViewCell.swift */; };
		4E4ACCE51D96D27400D0F1BB /* VehicleViewController.swift in Sources */ = {isa = PBXBuildFile; fileRef = 4E4ACCE41D96D27400D0F1BB /* VehicleViewController.swift */; };
		4E4ACCE71D96D50300D0F1BB /* VehicleTableViewCell.swift in Sources */ = {isa = PBXBuildFile; fileRef = 4E4ACCE61D96D50300D0F1BB /* VehicleTableViewCell.swift */; };
		4E57C6AD1D8D91E000F3BFB3 /* APIClient.swift in Sources */ = {isa = PBXBuildFile; fileRef = 4E57C6AC1D8D91E000F3BFB3 /* APIClient.swift */; };
		4E57C6AF1D8D91F900F3BFB3 /* StarWarsModel.swift in Sources */ = {isa = PBXBuildFile; fileRef = 4E57C6AE1D8D91F900F3BFB3 /* StarWarsModel.swift */; };
		4E66AEB31D96877A001BA3BE /* SpeciesModel.swift in Sources */ = {isa = PBXBuildFile; fileRef = 4E66AEB21D96877A001BA3BE /* SpeciesModel.swift */; };
		4E66AEB51D969321001BA3BE /* SpaceshipViewController.swift in Sources */ = {isa = PBXBuildFile; fileRef = 4E66AEB41D969321001BA3BE /* SpaceshipViewController.swift */; };
		4E6EF1591D9597240060F1C2 /* SpaceshipModel.swift in Sources */ = {isa = PBXBuildFile; fileRef = 4E6EF1581D9597240060F1C2 /* SpaceshipModel.swift */; };
		4E6EF15B1D9598C90060F1C2 /* FilmsModel.swift in Sources */ = {isa = PBXBuildFile; fileRef = 4E6EF15A1D9598C90060F1C2 /* FilmsModel.swift */; };
		4E6EF15D1D959C610060F1C2 /* PlanetModel.swift in Sources */ = {isa = PBXBuildFile; fileRef = 4E6EF15C1D959C610060F1C2 /* PlanetModel.swift */; };
		4E8DC9891D93FCB50074DB34 /* CharactersTableViewCell.swift in Sources */ = {isa = PBXBuildFile; fileRef = 4E8DC9881D93FCB50074DB34 /* CharactersTableViewCell.swift */; };
/* End PBXBuildFile section */

/* Begin PBXFileReference section */
		4E22B1711D901E0E0074D533 /* HomeTableviewCell.swift */ = {isa = PBXFileReference; fileEncoding = 4; lastKnownFileType = sourcecode.swift; path = HomeTableviewCell.swift; sourceTree = "<group>"; };
		4E34AC861D8D905A0084B1DD /* The API Awakens.app */ = {isa = PBXFileReference; explicitFileType = wrapper.application; includeInIndex = 0; path = "The API Awakens.app"; sourceTree = BUILT_PRODUCTS_DIR; };
		4E34AC891D8D905A0084B1DD /* AppDelegate.swift */ = {isa = PBXFileReference; lastKnownFileType = sourcecode.swift; path = AppDelegate.swift; sourceTree = "<group>"; };
		4E34AC8B1D8D905A0084B1DD /* MasterViewController.swift */ = {isa = PBXFileReference; lastKnownFileType = sourcecode.swift; path = MasterViewController.swift; sourceTree = "<group>"; };
		4E34AC8D1D8D905A0084B1DD /* CharacterViewController.swift */ = {isa = PBXFileReference; lastKnownFileType = sourcecode.swift; path = CharacterViewController.swift; sourceTree = "<group>"; };
		4E34AC901D8D905A0084B1DD /* Base */ = {isa = PBXFileReference; lastKnownFileType = file.storyboard; name = Base; path = Base.lproj/Main.storyboard; sourceTree = "<group>"; };
		4E34AC921D8D905A0084B1DD /* Assets.xcassets */ = {isa = PBXFileReference; lastKnownFileType = folder.assetcatalog; path = Assets.xcassets; sourceTree = "<group>"; };
		4E34AC951D8D905A0084B1DD /* Base */ = {isa = PBXFileReference; lastKnownFileType = file.storyboard; name = Base; path = Base.lproj/LaunchScreen.storyboard; sourceTree = "<group>"; };
		4E34AC971D8D905A0084B1DD /* Info.plist */ = {isa = PBXFileReference; lastKnownFileType = text.plist.xml; path = Info.plist; sourceTree = "<group>"; };
		4E4335CC1D92B83900B3F48C /* PersonModel.swift */ = {isa = PBXFileReference; fileEncoding = 4; lastKnownFileType = sourcecode.swift; path = PersonModel.swift; sourceTree = "<group>"; };
		4E4335CE1D92CB9200B3F48C /* VehicleModel.swift */ = {isa = PBXFileReference; fileEncoding = 4; lastKnownFileType = sourcecode.swift; path = VehicleModel.swift; sourceTree = "<group>"; };
		4E4ACCE21D96CA9400D0F1BB /* StarshipTableViewCell.swift */ = {isa = PBXFileReference; fileEncoding = 4; lastKnownFileType = sourcecode.swift; path = StarshipTableViewCell.swift; sourceTree = "<group>"; };
		4E4ACCE41D96D27400D0F1BB /* VehicleViewController.swift */ = {isa = PBXFileReference; fileEncoding = 4; lastKnownFileType = sourcecode.swift; path = VehicleViewController.swift; sourceTree = "<group>"; };
		4E4ACCE61D96D50300D0F1BB /* VehicleTableViewCell.swift */ = {isa = PBXFileReference; fileEncoding = 4; lastKnownFileType = sourcecode.swift; path = VehicleTableViewCell.swift; sourceTree = "<group>"; };
		4E57C6AC1D8D91E000F3BFB3 /* APIClient.swift */ = {isa = PBXFileReference; fileEncoding = 4; lastKnownFileType = sourcecode.swift; path = APIClient.swift; sourceTree = "<group>"; };
		4E57C6AE1D8D91F900F3BFB3 /* StarWarsModel.swift */ = {isa = PBXFileReference; fileEncoding = 4; lastKnownFileType = sourcecode.swift; path = StarWarsModel.swift; sourceTree = "<group>"; };
		4E66AEB21D96877A001BA3BE /* SpeciesModel.swift */ = {isa = PBXFileReference; fileEncoding = 4; lastKnownFileType = sourcecode.swift; path = SpeciesModel.swift; sourceTree = "<group>"; };
		4E66AEB41D969321001BA3BE /* SpaceshipViewController.swift */ = {isa = PBXFileReference; fileEncoding = 4; lastKnownFileType = sourcecode.swift; path = SpaceshipViewController.swift; sourceTree = "<group>"; };
		4E6EF1581D9597240060F1C2 /* SpaceshipModel.swift */ = {isa = PBXFileReference; fileEncoding = 4; lastKnownFileType = sourcecode.swift; path = SpaceshipModel.swift; sourceTree = "<group>"; };
		4E6EF15A1D9598C90060F1C2 /* FilmsModel.swift */ = {isa = PBXFileReference; fileEncoding = 4; lastKnownFileType = sourcecode.swift; path = FilmsModel.swift; sourceTree = "<group>"; };
		4E6EF15C1D959C610060F1C2 /* PlanetModel.swift */ = {isa = PBXFileReference; fileEncoding = 4; lastKnownFileType = sourcecode.swift; path = PlanetModel.swift; sourceTree = "<group>"; };
		4E8DC9881D93FCB50074DB34 /* CharactersTableViewCell.swift */ = {isa = PBXFileReference; fileEncoding = 4; lastKnownFileType = sourcecode.swift; path = CharactersTableViewCell.swift; sourceTree = "<group>"; };
/* End PBXFileReference section */

/* Begin PBXFrameworksBuildPhase section */
		4E34AC831D8D905A0084B1DD /* Frameworks */ = {
			isa = PBXFrameworksBuildPhase;
			buildActionMask = 2147483647;
			files = (
			);
			runOnlyForDeploymentPostprocessing = 0;
		};
/* End PBXFrameworksBuildPhase section */

/* Begin PBXGroup section */
		4E34AC7D1D8D90590084B1DD = {
			isa = PBXGroup;
			children = (
				4E34AC881D8D905A0084B1DD /* The API Awakens */,
				4E34AC871D8D905A0084B1DD /* Products */,
			);
			sourceTree = "<group>";
		};
		4E34AC871D8D905A0084B1DD /* Products */ = {
			isa = PBXGroup;
			children = (
				4E34AC861D8D905A0084B1DD /* The API Awakens.app */,
			);
			name = Products;
			sourceTree = "<group>";
		};
		4E34AC881D8D905A0084B1DD /* The API Awakens */ = {
			isa = PBXGroup;
			children = (
				4E57C6AB1D8D91C000F3BFB3 /* Views */,
				4E57C6AA1D8D91BA00F3BFB3 /* Controllers */,
				4E57C6A91D8D91AF00F3BFB3 /* Models */,
				4E34AC891D8D905A0084B1DD /* AppDelegate.swift */,
				4E34AC8F1D8D905A0084B1DD /* Main.storyboard */,
				4E34AC921D8D905A0084B1DD /* Assets.xcassets */,
				4E34AC941D8D905A0084B1DD /* LaunchScreen.storyboard */,
				4E34AC971D8D905A0084B1DD /* Info.plist */,
			);
			path = "The API Awakens";
			sourceTree = "<group>";
		};
		4E57C6A91D8D91AF00F3BFB3 /* Models */ = {
			isa = PBXGroup;
			children = (
				4E57C6AC1D8D91E000F3BFB3 /* APIClient.swift */,
				4E57C6AE1D8D91F900F3BFB3 /* StarWarsModel.swift */,
				4E4335CC1D92B83900B3F48C /* PersonModel.swift */,
				4E4335CE1D92CB9200B3F48C /* VehicleModel.swift */,
				4E6EF1581D9597240060F1C2 /* SpaceshipModel.swift */,
				4E6EF15A1D9598C90060F1C2 /* FilmsModel.swift */,
				4E66AEB21D96877A001BA3BE /* SpeciesModel.swift */,
				4E6EF15C1D959C610060F1C2 /* PlanetModel.swift */,
			);
			name = Models;
			sourceTree = "<group>";
		};
		4E57C6AA1D8D91BA00F3BFB3 /* Controllers */ = {
			isa = PBXGroup;
			children = (
				4E34AC8B1D8D905A0084B1DD /* MasterViewController.swift */,
				4E34AC8D1D8D905A0084B1DD /* CharacterViewController.swift */,
				4E66AEB41D969321001BA3BE /* SpaceshipViewController.swift */,
				4E4ACCE41D96D27400D0F1BB /* VehicleViewController.swift */,
			);
			name = Controllers;
			sourceTree = "<group>";
		};
		4E57C6AB1D8D91C000F3BFB3 /* Views */ = {
			isa = PBXGroup;
			children = (
				4E22B1711D901E0E0074D533 /* HomeTableviewCell.swift */,
				4E8DC9881D93FCB50074DB34 /* CharactersTableViewCell.swift */,
				4E4ACCE21D96CA9400D0F1BB /* StarshipTableViewCell.swift */,
				4E4ACCE61D96D50300D0F1BB /* VehicleTableViewCell.swift */,
			);
			name = Views;
			sourceTree = "<group>";
		};
/* End PBXGroup section */

/* Begin PBXNativeTarget section */
		4E34AC851D8D905A0084B1DD /* The API Awakens */ = {
			isa = PBXNativeTarget;
			buildConfigurationList = 4E34AC9A1D8D905A0084B1DD /* Build configuration list for PBXNativeTarget "The API Awakens" */;
			buildPhases = (
				4E34AC821D8D905A0084B1DD /* Sources */,
				4E34AC831D8D905A0084B1DD /* Frameworks */,
				4E34AC841D8D905A0084B1DD /* Resources */,
			);
			buildRules = (
			);
			dependencies = (
			);
			name = "The API Awakens";
			productName = "The API Awakens";
			productReference = 4E34AC861D8D905A0084B1DD /* The API Awakens.app */;
			productType = "com.apple.product-type.application";
		};
/* End PBXNativeTarget section */

/* Begin PBXProject section */
		4E34AC7E1D8D90590084B1DD /* Project object */ = {
			isa = PBXProject;
			attributes = {
				LastSwiftUpdateCheck = 0800;
				LastUpgradeCheck = 0800;
				ORGANIZATIONNAME = gloos;
				TargetAttributes = {
					4E34AC851D8D905A0084B1DD = {
						CreatedOnToolsVersion = 8.0;
						DevelopmentTeam = RA62QBYGLX;
						ProvisioningStyle = Automatic;
					};
				};
			};
			buildConfigurationList = 4E34AC811D8D90590084B1DD /* Build configuration list for PBXProject "The API Awakens" */;
			compatibilityVersion = "Xcode 3.2";
			developmentRegion = English;
			hasScannedForEncodings = 0;
			knownRegions = (
				en,
				Base,
			);
			mainGroup = 4E34AC7D1D8D90590084B1DD;
			productRefGroup = 4E34AC871D8D905A0084B1DD /* Products */;
			projectDirPath = "";
			projectRoot = "";
			targets = (
				4E34AC851D8D905A0084B1DD /* The API Awakens */,
			);
		};
/* End PBXProject section */

/* Begin PBXResourcesBuildPhase section */
		4E34AC841D8D905A0084B1DD /* Resources */ = {
			isa = PBXResourcesBuildPhase;
			buildActionMask = 2147483647;
			files = (
				4E34AC961D8D905A0084B1DD /* LaunchScreen.storyboard in Resources */,
				4E34AC931D8D905A0084B1DD /* Assets.xcassets in Resources */,
				4E34AC911D8D905A0084B1DD /* Main.storyboard in Resources */,
			);
			runOnlyForDeploymentPostprocessing = 0;
		};
/* End PBXResourcesBuildPhase section */

/* Begin PBXSourcesBuildPhase section */
		4E34AC821D8D905A0084B1DD /* Sources */ = {
			isa = PBXSourcesBuildPhase;
			buildActionMask = 2147483647;
			files = (
				4E34AC8E1D8D905A0084B1DD /* CharacterViewController.swift in Sources */,
				4E66AEB31D96877A001BA3BE /* SpeciesModel.swift in Sources */,
				4E6EF1591D9597240060F1C2 /* SpaceshipModel.swift in Sources */,
				4E4335CD1D92B83900B3F48C /* PersonModel.swift in Sources */,
				4E34AC8C1D8D905A0084B1DD /* MasterViewController.swift in Sources */,
				4E4ACCE51D96D27400D0F1BB /* VehicleViewController.swift in Sources */,
				4E8DC9891D93FCB50074DB34 /* CharactersTableViewCell.swift in Sources */,
				4E6EF15D1D959C610060F1C2 /* PlanetModel.swift in Sources */,
				4E57C6AF1D8D91F900F3BFB3 /* StarWarsModel.swift in Sources */,
				4E6EF15B1D9598C90060F1C2 /* FilmsModel.swift in Sources */,
				4E4ACCE71D96D50300D0F1BB /* VehicleTableViewCell.swift in Sources */,
				4E34AC8A1D8D905A0084B1DD /* AppDelegate.swift in Sources */,
				4E22B1721D901E0E0074D533 /* HomeTableviewCell.swift in Sources */,
				4E4335CF1D92CB9200B3F48C /* VehicleModel.swift in Sources */,
				4E57C6AD1D8D91E000F3BFB3 /* APIClient.swift in Sources */,
				4E66AEB51D969321001BA3BE /* SpaceshipViewController.swift in Sources */,
				4E4ACCE31D96CA9400D0F1BB /* StarshipTableViewCell.swift in Sources */,
			);
			runOnlyForDeploymentPostprocessing = 0;
		};
/* End PBXSourcesBuildPhase section */

/* Begin PBXVariantGroup section */
		4E34AC8F1D8D905A0084B1DD /* Main.storyboard */ = {
			isa = PBXVariantGroup;
			children = (
				4E34AC901D8D905A0084B1DD /* Base */,
			);
			name = Main.storyboard;
			sourceTree = "<group>";
		};
		4E34AC941D8D905A0084B1DD /* LaunchScreen.storyboard */ = {
			isa = PBXVariantGroup;
			children = (
				4E34AC951D8D905A0084B1DD /* Base */,
			);
			name = LaunchScreen.storyboard;
			sourceTree = "<group>";
		};
/* End PBXVariantGroup section */

/* Begin XCBuildConfiguration section */
		4E34AC981D8D905A0084B1DD /* Debug */ = {
			isa = XCBuildConfiguration;
			buildSettings = {
				ALWAYS_SEARCH_USER_PATHS = NO;
				CLANG_ANALYZER_NONNULL = YES;
				CLANG_CXX_LANGUAGE_STANDARD = "gnu++0x";
				CLANG_CXX_LIBRARY = "libc++";
				CLANG_ENABLE_MODULES = YES;
				CLANG_ENABLE_OBJC_ARC = YES;
				CLANG_WARN_BOOL_CONVERSION = YES;
				CLANG_WARN_CONSTANT_CONVERSION = YES;
				CLANG_WARN_DIRECT_OBJC_ISA_USAGE = YES_ERROR;
				CLANG_WARN_DOCUMENTATION_COMMENTS = YES;
				CLANG_WARN_EMPTY_BODY = YES;
				CLANG_WARN_ENUM_CONVERSION = YES;
				CLANG_WARN_INFINITE_RECURSION = YES;
				CLANG_WARN_INT_CONVERSION = YES;
				CLANG_WARN_OBJC_ROOT_CLASS = YES_ERROR;
				CLANG_WARN_SUSPICIOUS_MOVES = YES;
				CLANG_WARN_UNREACHABLE_CODE = YES;
				CLANG_WARN__DUPLICATE_METHOD_MATCH = YES;
				"CODE_SIGN_IDENTITY[sdk=iphoneos*]" = "iPhone Developer";
				COPY_PHASE_STRIP = NO;
				DEBUG_INFORMATION_FORMAT = dwarf;
				ENABLE_STRICT_OBJC_MSGSEND = YES;
				ENABLE_TESTABILITY = YES;
				GCC_C_LANGUAGE_STANDARD = gnu99;
				GCC_DYNAMIC_NO_PIC = NO;
				GCC_NO_COMMON_BLOCKS = YES;
				GCC_OPTIMIZATION_LEVEL = 0;
				GCC_PREPROCESSOR_DEFINITIONS = (
					"DEBUG=1",
					"$(inherited)",
				);
				GCC_WARN_64_TO_32_BIT_CONVERSION = YES;
				GCC_WARN_ABOUT_RETURN_TYPE = YES_ERROR;
				GCC_WARN_UNDECLARED_SELECTOR = YES;
				GCC_WARN_UNINITIALIZED_AUTOS = YES_AGGRESSIVE;
				GCC_WARN_UNUSED_FUNCTION = YES;
				GCC_WARN_UNUSED_VARIABLE = YES;
				IPHONEOS_DEPLOYMENT_TARGET = 10.0;
				MTL_ENABLE_DEBUG_INFO = YES;
				ONLY_ACTIVE_ARCH = YES;
				SDKROOT = iphoneos;
				SWIFT_ACTIVE_COMPILATION_CONDITIONS = DEBUG;
				SWIFT_OPTIMIZATION_LEVEL = "-Onone";
			};
			name = Debug;
		};
		4E34AC991D8D905A0084B1DD /* Release */ = {
			isa = XCBuildConfiguration;
			buildSettings = {
				ALWAYS_SEARCH_USER_PATHS = NO;
				CLANG_ANALYZER_NONNULL = YES;
				CLANG_CXX_LANGUAGE_STANDARD = "gnu++0x";
				CLANG_CXX_LIBRARY = "libc++";
				CLANG_ENABLE_MODULES = YES;
				CLANG_ENABLE_OBJC_ARC = YES;
				CLANG_WARN_BOOL_CONVERSION = YES;
				CLANG_WARN_CONSTANT_CONVERSION = YES;
				CLANG_WARN_DIRECT_OBJC_ISA_USAGE = YES_ERROR;
				CLANG_WARN_DOCUMENTATION_COMMENTS = YES;
				CLANG_WARN_EMPTY_BODY = YES;
				CLANG_WARN_ENUM_CONVERSION = YES;
				CLANG_WARN_INFINITE_RECURSION = YES;
				CLANG_WARN_INT_CONVERSION = YES;
				CLANG_WARN_OBJC_ROOT_CLASS = YES_ERROR;
				CLANG_WARN_SUSPICIOUS_MOVES = YES;
				CLANG_WARN_UNREACHABLE_CODE = YES;
				CLANG_WARN__DUPLICATE_METHOD_MATCH = YES;
				"CODE_SIGN_IDENTITY[sdk=iphoneos*]" = "iPhone Developer";
				COPY_PHASE_STRIP = NO;
				DEBUG_INFORMATION_FORMAT = "dwarf-with-dsym";
				ENABLE_NS_ASSERTIONS = NO;
				ENABLE_STRICT_OBJC_MSGSEND = YES;
				GCC_C_LANGUAGE_STANDARD = gnu99;
				GCC_NO_COMMON_BLOCKS = YES;
				GCC_WARN_64_TO_32_BIT_CONVERSION = YES;
				GCC_WARN_ABOUT_RETURN_TYPE = YES_ERROR;
				GCC_WARN_UNDECLARED_SELECTOR = YES;
				GCC_WARN_UNINITIALIZED_AUTOS = YES_AGGRESSIVE;
				GCC_WARN_UNUSED_FUNCTION = YES;
				GCC_WARN_UNUSED_VARIABLE = YES;
				IPHONEOS_DEPLOYMENT_TARGET = 10.0;
				MTL_ENABLE_DEBUG_INFO = NO;
				SDKROOT = iphoneos;
				SWIFT_OPTIMIZATION_LEVEL = "-Owholemodule";
				VALIDATE_PRODUCT = YES;
			};
			name = Release;
		};
		4E34AC9B1D8D905A0084B1DD /* Debug */ = {
			isa = XCBuildConfiguration;
			buildSettings = {
				ASSETCATALOG_COMPILER_APPICON_NAME = AppIcon;
				DEVELOPMENT_TEAM = RA62QBYGLX;
				INFOPLIST_FILE = "The API Awakens/Info.plist";
				LD_RUNPATH_SEARCH_PATHS = "$(inherited) @executable_path/Frameworks";
				PRODUCT_BUNDLE_IDENTIFIER = "com.gloos.The-API-Awakens";
				PRODUCT_NAME = "$(TARGET_NAME)";
				SWIFT_VERSION = 3.0;
			};
			name = Debug;
		};
		4E34AC9C1D8D905A0084B1DD /* Release */ = {
			isa = XCBuildConfiguration;
			buildSettings = {
				ASSETCATALOG_COMPILER_APPICON_NAME = AppIcon;
				DEVELOPMENT_TEAM = RA62QBYGLX;
				INFOPLIST_FILE = "The API Awakens/Info.plist";
				LD_RUNPATH_SEARCH_PATHS = "$(inherited) @executable_path/Frameworks";
				PRODUCT_BUNDLE_IDENTIFIER = "com.gloos.The-API-Awakens";
				PRODUCT_NAME = "$(TARGET_NAME)";
				SWIFT_VERSION = 3.0;
			};
			name = Release;
		};
/* End XCBuildConfiguration section */

/* Begin XCConfigurationList section */
		4E34AC811D8D90590084B1DD /* Build configuration list for PBXProject "The API Awakens" */ = {
			isa = XCConfigurationList;
			buildConfigurations = (
				4E34AC981D8D905A0084B1DD /* Debug */,
				4E34AC991D8D905A0084B1DD /* Release */,
			);
			defaultConfigurationIsVisible = 0;
			defaultConfigurationName = Release;
		};
		4E34AC9A1D8D905A0084B1DD /* Build configuration list for PBXNativeTarget "The API Awakens" */ = {
			isa = XCConfigurationList;
			buildConfigurations = (
				4E34AC9B1D8D905A0084B1DD /* Debug */,
				4E34AC9C1D8D905A0084B1DD /* Release */,
			);
			defaultConfigurationIsVisible = 0;
			defaultConfigurationName = Release;
		};
/* End XCConfigurationList section */
	};
	rootObject = 4E34AC7E1D8D90590084B1DD /* Project object */;
}
